// !$*UTF8*$!
{
	archiveVersion = 1;
	classes = {
	};
	objectVersion = 56;
	objects = {

/* Begin PBXBuildFile section */
		E95944272978E9DD00C83B92 /* FloatingPanel.swift in Sources */ = {isa = PBXBuildFile; fileRef = E95944262978E9DD00C83B92 /* FloatingPanel.swift */; };
		E971B78929743F7900375242 /* AppDelegate.swift in Sources */ = {isa = PBXBuildFile; fileRef = E971B78829743F7900375242 /* AppDelegate.swift */; };
		E971B78B29743F7900375242 /* ViewController.swift in Sources */ = {isa = PBXBuildFile; fileRef = E971B78A29743F7900375242 /* ViewController.swift */; };
		E971B78D29743F7B00375242 /* Assets.xcassets in Resources */ = {isa = PBXBuildFile; fileRef = E971B78C29743F7B00375242 /* Assets.xcassets */; };
		E971B7982974404400375242 /* main.swift in Sources */ = {isa = PBXBuildFile; fileRef = E971B7972974404400375242 /* main.swift */; };
		E97A8B23297794B500F84FBA /* WebView.swift in Sources */ = {isa = PBXBuildFile; fileRef = E97A8B22297794B500F84FBA /* WebView.swift */; };
		E9FE498E297C425200104027 /* Constants.swift in Sources */ = {isa = PBXBuildFile; fileRef = E9FE498D297C425200104027 /* Constants.swift */; };
		E9A000012000000000000001 /* GlobalHotKey.swift in Sources */ = {isa = PBXBuildFile; fileRef = E9A000002000000000000001 /* GlobalHotKey.swift */; };
		E9D1A0012000000000000001 /* TranslationPerformanceDiagnostics.swift in Sources */ = {isa = PBXBuildFile; fileRef = E9D1A0022000000000000001 /* TranslationPerformanceDiagnostics.swift */; };
		E9D1A0032000000000000001 /* TextSupport.swift in Sources */ = {isa = PBXBuildFile; fileRef = E9D1A0042000000000000001 /* TextSupport.swift */; };
		E9D1A0052000000000000001 /* PronunciationService.swift in Sources */ = {isa = PBXBuildFile; fileRef = E9D1A0062000000000000001 /* PronunciationService.swift */; };
		E9D1A0072000000000000001 /* WorkspaceUI.swift in Sources */ = {isa = PBXBuildFile; fileRef = E9D1A0082000000000000001 /* WorkspaceUI.swift */; };
		E9D1A0092000000000000001 /* ShortcutSettingsWindowController.swift in Sources */ = {isa = PBXBuildFile; fileRef = E9D1A00A2000000000000001 /* ShortcutSettingsWindowController.swift */; };
		E9D1A00B2000000000000001 /* ShortcutPreferences.swift in Sources */ = {isa = PBXBuildFile; fileRef = E9D1A00C2000000000000001 /* ShortcutPreferences.swift */; };
		E9D1A00D2000000000000001 /* AppInterfaceLanguage.swift in Sources */ = {isa = PBXBuildFile; fileRef = E9D1A00E2000000000000001 /* AppInterfaceLanguage.swift */; };
		E9D1A00F2000000000000001 /* TranslateLanguage.swift in Sources */ = {isa = PBXBuildFile; fileRef = E9D1A0102000000000000001 /* TranslateLanguage.swift */; };
		E9D1A0112000000000000001 /* TranslateFeaturePreferences.swift in Sources */ = {isa = PBXBuildFile; fileRef = E9D1A0122000000000000001 /* TranslateFeaturePreferences.swift */; };
		E9D1A0152000000000000001 /* ViewController+Alignment.swift in Sources */ = {isa = PBXBuildFile; fileRef = E9D1A0162000000000000001 /* ViewController+Alignment.swift */; };
		E9D1A0172000000000000001 /* ViewController+Speech.swift in Sources */ = {isa = PBXBuildFile; fileRef = E9D1A0182000000000000001 /* ViewController+Speech.swift */; };
		E9D1A0192000000000000001 /* TranslationServiceCoordinator.swift in Sources */ = {isa = PBXBuildFile; fileRef = E9D1A01A2000000000000001 /* TranslationServiceCoordinator.swift */; };
		E9D1A01B2000000000000001 /* ViewController+UserScripts.swift in Sources */ = {isa = PBXBuildFile; fileRef = E9D1A01C2000000000000001 /* ViewController+UserScripts.swift */; };
		E9D1A01D2000000000000001 /* ViewController+TranslationSubmission.swift in Sources */ = {isa = PBXBuildFile; fileRef = E9D1A01E2000000000000001 /* ViewController+TranslationSubmission.swift */; };
		E9D1A01F2000000000000001 /* ViewController+TranslationWebService.swift in Sources */ = {isa = PBXBuildFile; fileRef = E9D1A0202000000000000001 /* ViewController+TranslationWebService.swift */; };
		E9D1A0212000000000000001 /* ViewController+LongTextTranslationOrchestration.swift in Sources */ = {isa = PBXBuildFile; fileRef = E9D1A0222000000000000001 /* ViewController+LongTextTranslationOrchestration.swift */; };
		E9D1A0232000000000000001 /* ViewController+TranslationAPI.swift in Sources */ = {isa = PBXBuildFile; fileRef = E9D1A0242000000000000001 /* ViewController+TranslationAPI.swift */; };
		E9D1A0252000000000000001 /* ViewController+TranslationPageConfiguration.swift in Sources */ = {isa = PBXBuildFile; fileRef = E9D1A0262000000000000001 /* ViewController+TranslationPageConfiguration.swift */; };
		E9D1A0312000000000000001 /* TranslationPageConfigurationScript.swift in Sources */ = {isa = PBXBuildFile; fileRef = E9D1A0322000000000000001 /* TranslationPageConfigurationScript.swift */; };
		E9D1A0332000000000000001 /* TranslationPageStyles.swift in Sources */ = {isa = PBXBuildFile; fileRef = E9D1A0342000000000000001 /* TranslationPageStyles.swift */; };
		E9D1A0352000000000000001 /* ViewController+TranslationDiagnostics.swift in Sources */ = {isa = PBXBuildFile; fileRef = E9D1A0362000000000000001 /* ViewController+TranslationDiagnostics.swift */; };
		E9D1A0372000000000000001 /* ViewController+Lifecycle.swift in Sources */ = {isa = PBXBuildFile; fileRef = E9D1A0382000000000000001 /* ViewController+Lifecycle.swift */; };
		E9D1A0392000000000000001 /* ViewController+Appearance.swift in Sources */ = {isa = PBXBuildFile; fileRef = E9D1A0402000000000000001 /* ViewController+Appearance.swift */; };
		E9D1A0412000000000000001 /* ViewController+Commands.swift in Sources */ = {isa = PBXBuildFile; fileRef = E9D1A0422000000000000001 /* ViewController+Commands.swift */; };
		E9D1A0432000000000000001 /* ViewController+ScriptMessages.swift in Sources */ = {isa = PBXBuildFile; fileRef = E9D1A0442000000000000001 /* ViewController+ScriptMessages.swift */; };
		E9D1A0452000000000000001 /* ViewController+GoogleWebTranslation.swift in Sources */ = {isa = PBXBuildFile; fileRef = E9D1A0462000000000000001 /* ViewController+GoogleWebTranslation.swift */; };
		E9D1A0472000000000000001 /* ViewController+TranslationResultPolling.swift in Sources */ = {isa = PBXBuildFile; fileRef = E9D1A0482000000000000001 /* ViewController+TranslationResultPolling.swift */; };
		E9D1A0272000000000000001 /* ViewController+TranslationWorkspaceLayout.swift in Sources */ = {isa = PBXBuildFile; fileRef = E9D1A0282000000000000001 /* ViewController+TranslationWorkspaceLayout.swift */; };
		E9D1A0292000000000000001 /* ViewController+LanguageSelection.swift in Sources */ = {isa = PBXBuildFile; fileRef = E9D1A02A2000000000000001 /* ViewController+LanguageSelection.swift */; };
		E9D1A02B2000000000000001 /* ViewController+TranslationWorkspacePresentation.swift in Sources */ = {isa = PBXBuildFile; fileRef = E9D1A02C2000000000000001 /* ViewController+TranslationWorkspacePresentation.swift */; };
		E9D1A02D2000000000000001 /* ViewController+TextInput.swift in Sources */ = {isa = PBXBuildFile; fileRef = E9D1A02E2000000000000001 /* ViewController+TextInput.swift */; };
		E9D1A0492000000000000001 /* GooglePronunciationLookup.swift in Sources */ = {isa = PBXBuildFile; fileRef = E9D1A0502000000000000001 /* GooglePronunciationLookup.swift */; };
		E9D1A0512000000000000001 /* ViewController+WindowBehaviorBar.swift in Sources */ = {isa = PBXBuildFile; fileRef = E9D1A0522000000000000001 /* ViewController+WindowBehaviorBar.swift */; };
		E9D1A0532000000000000001 /* ViewController+ConnectionOverlay.swift in Sources */ = {isa = PBXBuildFile; fileRef = E9D1A0542000000000000001 /* ViewController+ConnectionOverlay.swift */; };
		E9D1A0552000000000000001 /* ViewController+PronunciationPresentation.swift in Sources */ = {isa = PBXBuildFile; fileRef = E9D1A0562000000000000001 /* ViewController+PronunciationPresentation.swift */; };
		E9D1A0572000000000000001 /* TranslationServiceCoordinator+TextProcessing.swift in Sources */ = {isa = PBXBuildFile; fileRef = E9D1A0582000000000000001 /* TranslationServiceCoordinator+TextProcessing.swift */; };
		E9D1A0592000000000000001 /* AppDelegate+StatusItem.swift in Sources */ = {isa = PBXBuildFile; fileRef = E9D1A0602000000000000001 /* AppDelegate+StatusItem.swift */; };
		E9D1A0612000000000000001 /* AppDelegate+MainMenu.swift in Sources */ = {isa = PBXBuildFile; fileRef = E9D1A0622000000000000001 /* AppDelegate+MainMenu.swift */; };
		E9D1A0632000000000000001 /* AppDelegate+LanguageMenus.swift in Sources */ = {isa = PBXBuildFile; fileRef = E9D1A0642000000000000001 /* AppDelegate+LanguageMenus.swift */; };
		E9D1A0652000000000000001 /* AppDelegate+PreferencesWindows.swift in Sources */ = {isa = PBXBuildFile; fileRef = E9D1A0662000000000000001 /* AppDelegate+PreferencesWindows.swift */; };
		E9D1A0672000000000000001 /* AppDelegate+WindowBehavior.swift in Sources */ = {isa = PBXBuildFile; fileRef = E9D1A0682000000000000001 /* AppDelegate+WindowBehavior.swift */; };
		E9D1A0692000000000000001 /* AppDelegate+MenuActions.swift in Sources */ = {isa = PBXBuildFile; fileRef = E9D1A0702000000000000001 /* AppDelegate+MenuActions.swift */; };
/* End PBXBuildFile section */

/* Begin PBXFileReference section */
		E95944262978E9DD00C83B92 /* FloatingPanel.swift */ = {isa = PBXFileReference; lastKnownFileType = sourcecode.swift; path = FloatingPanel.swift; sourceTree = "<group>"; };
		E971B78529743F7900375242 /* Translate.app */ = {isa = PBXFileReference; explicitFileType = wrapper.application; includeInIndex = 0; path = Translate.app; sourceTree = BUILT_PRODUCTS_DIR; };
		E971B78829743F7900375242 /* AppDelegate.swift */ = {isa = PBXFileReference; lastKnownFileType = sourcecode.swift; path = AppDelegate.swift; sourceTree = "<group>"; };
		E971B78A29743F7900375242 /* ViewController.swift */ = {isa = PBXFileReference; lastKnownFileType = sourcecode.swift; path = ViewController.swift; sourceTree = "<group>"; };
		E971B78C29743F7B00375242 /* Assets.xcassets */ = {isa = PBXFileReference; lastKnownFileType = folder.assetcatalog; path = Assets.xcassets; sourceTree = "<group>"; };
		E971B79129743F7B00375242 /* translate.entitlements */ = {isa = PBXFileReference; lastKnownFileType = text.plist.entitlements; path = translate.entitlements; sourceTree = "<group>"; };
		E971B7972974404400375242 /* main.swift */ = {isa = PBXFileReference; lastKnownFileType = sourcecode.swift; path = main.swift; sourceTree = "<group>"; };
		E97A8B22297794B500F84FBA /* WebView.swift */ = {isa = PBXFileReference; lastKnownFileType = sourcecode.swift; path = WebView.swift; sourceTree = "<group>"; };
		E9FE498D297C425200104027 /* Constants.swift */ = {isa = PBXFileReference; lastKnownFileType = sourcecode.swift; path = Constants.swift; sourceTree = "<group>"; };
		E9A000002000000000000001 /* GlobalHotKey.swift */ = {isa = PBXFileReference; lastKnownFileType = sourcecode.swift; path = GlobalHotKey.swift; sourceTree = "<group>"; };
		E9D1A0022000000000000001 /* TranslationPerformanceDiagnostics.swift */ = {isa = PBXFileReference; lastKnownFileType = sourcecode.swift; path = TranslationPerformanceDiagnostics.swift; sourceTree = "<group>"; };
		E9D1A0042000000000000001 /* TextSupport.swift */ = {isa = PBXFileReference; lastKnownFileType = sourcecode.swift; path = TextSupport.swift; sourceTree = "<group>"; };
		E9D1A0062000000000000001 /* PronunciationService.swift */ = {isa = PBXFileReference; lastKnownFileType = sourcecode.swift; path = PronunciationService.swift; sourceTree = "<group>"; };
		E9D1A0082000000000000001 /* WorkspaceUI.swift */ = {isa = PBXFileReference; lastKnownFileType = sourcecode.swift; path = WorkspaceUI.swift; sourceTree = "<group>"; };
		E9D1A00A2000000000000001 /* ShortcutSettingsWindowController.swift */ = {isa = PBXFileReference; lastKnownFileType = sourcecode.swift; path = ShortcutSettingsWindowController.swift; sourceTree = "<group>"; };
		E9D1A00C2000000000000001 /* ShortcutPreferences.swift */ = {isa = PBXFileReference; lastKnownFileType = sourcecode.swift; path = ShortcutPreferences.swift; sourceTree = "<group>"; };
		E9D1A00E2000000000000001 /* AppInterfaceLanguage.swift */ = {isa = PBXFileReference; lastKnownFileType = sourcecode.swift; path = AppInterfaceLanguage.swift; sourceTree = "<group>"; };
		E9D1A0102000000000000001 /* TranslateLanguage.swift */ = {isa = PBXFileReference; lastKnownFileType = sourcecode.swift; path = TranslateLanguage.swift; sourceTree = "<group>"; };
		E9D1A0122000000000000001 /* TranslateFeaturePreferences.swift */ = {isa = PBXFileReference; lastKnownFileType = sourcecode.swift; path = TranslateFeaturePreferences.swift; sourceTree = "<group>"; };
		E9D1A0162000000000000001 /* ViewController+Alignment.swift */ = {isa = PBXFileReference; lastKnownFileType = sourcecode.swift; path = "ViewController+Alignment.swift"; sourceTree = "<group>"; };
		E9D1A0182000000000000001 /* ViewController+Speech.swift */ = {isa = PBXFileReference; lastKnownFileType = sourcecode.swift; path = "ViewController+Speech.swift"; sourceTree = "<group>"; };
		E9D1A01A2000000000000001 /* TranslationServiceCoordinator.swift */ = {isa = PBXFileReference; lastKnownFileType = sourcecode.swift; path = TranslationServiceCoordinator.swift; sourceTree = "<group>"; };
		E9D1A01C2000000000000001 /* ViewController+UserScripts.swift */ = {isa = PBXFileReference; lastKnownFileType = sourcecode.swift; path = "ViewController+UserScripts.swift"; sourceTree = "<group>"; };
		E9D1A01E2000000000000001 /* ViewController+TranslationSubmission.swift */ = {isa = PBXFileReference; lastKnownFileType = sourcecode.swift; path = "ViewController+TranslationSubmission.swift"; sourceTree = "<group>"; };
		E9D1A0202000000000000001 /* ViewController+TranslationWebService.swift */ = {isa = PBXFileReference; lastKnownFileType = sourcecode.swift; path = "ViewController+TranslationWebService.swift"; sourceTree = "<group>"; };
		E9D1A0222000000000000001 /* ViewController+LongTextTranslationOrchestration.swift */ = {isa = PBXFileReference; lastKnownFileType = sourcecode.swift; path = "ViewController+LongTextTranslationOrchestration.swift"; sourceTree = "<group>"; };
		E9D1A0242000000000000001 /* ViewController+TranslationAPI.swift */ = {isa = PBXFileReference; lastKnownFileType = sourcecode.swift; path = "ViewController+TranslationAPI.swift"; sourceTree = "<group>"; };
		E9D1A0262000000000000001 /* ViewController+TranslationPageConfiguration.swift */ = {isa = PBXFileReference; lastKnownFileType = sourcecode.swift; path = "ViewController+TranslationPageConfiguration.swift"; sourceTree = "<group>"; };
		E9D1A0322000000000000001 /* TranslationPageConfigurationScript.swift */ = {isa = PBXFileReference; lastKnownFileType = sourcecode.swift; path = TranslationPageConfigurationScript.swift; sourceTree = "<group>"; };
		E9D1A0342000000000000001 /* TranslationPageStyles.swift */ = {isa = PBXFileReference; lastKnownFileType = sourcecode.swift; path = TranslationPageStyles.swift; sourceTree = "<group>"; };
		E9D1A0362000000000000001 /* ViewController+TranslationDiagnostics.swift */ = {isa = PBXFileReference; lastKnownFileType = sourcecode.swift; path = "ViewController+TranslationDiagnostics.swift"; sourceTree = "<group>"; };
		E9D1A0382000000000000001 /* ViewController+Lifecycle.swift */ = {isa = PBXFileReference; lastKnownFileType = sourcecode.swift; path = "ViewController+Lifecycle.swift"; sourceTree = "<group>"; };
		E9D1A0402000000000000001 /* ViewController+Appearance.swift */ = {isa = PBXFileReference; lastKnownFileType = sourcecode.swift; path = "ViewController+Appearance.swift"; sourceTree = "<group>"; };
		E9D1A0422000000000000001 /* ViewController+Commands.swift */ = {isa = PBXFileReference; lastKnownFileType = sourcecode.swift; path = "ViewController+Commands.swift"; sourceTree = "<group>"; };
		E9D1A0442000000000000001 /* ViewController+ScriptMessages.swift */ = {isa = PBXFileReference; lastKnownFileType = sourcecode.swift; path = "ViewController+ScriptMessages.swift"; sourceTree = "<group>"; };
		E9D1A0462000000000000001 /* ViewController+GoogleWebTranslation.swift */ = {isa = PBXFileReference; lastKnownFileType = sourcecode.swift; path = "ViewController+GoogleWebTranslation.swift"; sourceTree = "<group>"; };
		E9D1A0482000000000000001 /* ViewController+TranslationResultPolling.swift */ = {isa = PBXFileReference; lastKnownFileType = sourcecode.swift; path = "ViewController+TranslationResultPolling.swift"; sourceTree = "<group>"; };
		E9D1A0282000000000000001 /* ViewController+TranslationWorkspaceLayout.swift */ = {isa = PBXFileReference; lastKnownFileType = sourcecode.swift; path = "ViewController+TranslationWorkspaceLayout.swift"; sourceTree = "<group>"; };
		E9D1A02A2000000000000001 /* ViewController+LanguageSelection.swift */ = {isa = PBXFileReference; lastKnownFileType = sourcecode.swift; path = "ViewController+LanguageSelection.swift"; sourceTree = "<group>"; };
		E9D1A02C2000000000000001 /* ViewController+TranslationWorkspacePresentation.swift */ = {isa = PBXFileReference; lastKnownFileType = sourcecode.swift; path = "ViewController+TranslationWorkspacePresentation.swift"; sourceTree = "<group>"; };
		E9D1A02E2000000000000001 /* ViewController+TextInput.swift */ = {isa = PBXFileReference; lastKnownFileType = sourcecode.swift; path = "ViewController+TextInput.swift"; sourceTree = "<group>"; };
		E9D1A0502000000000000001 /* GooglePronunciationLookup.swift */ = {isa = PBXFileReference; lastKnownFileType = sourcecode.swift; path = GooglePronunciationLookup.swift; sourceTree = "<group>"; };
		E9D1A0522000000000000001 /* ViewController+WindowBehaviorBar.swift */ = {isa = PBXFileReference; lastKnownFileType = sourcecode.swift; path = "ViewController+WindowBehaviorBar.swift"; sourceTree = "<group>"; };
		E9D1A0542000000000000001 /* ViewController+ConnectionOverlay.swift */ = {isa = PBXFileReference; lastKnownFileType = sourcecode.swift; path = "ViewController+ConnectionOverlay.swift"; sourceTree = "<group>"; };
		E9D1A0562000000000000001 /* ViewController+PronunciationPresentation.swift */ = {isa = PBXFileReference; lastKnownFileType = sourcecode.swift; path = "ViewController+PronunciationPresentation.swift"; sourceTree = "<group>"; };
		E9D1A0582000000000000001 /* TranslationServiceCoordinator+TextProcessing.swift */ = {isa = PBXFileReference; lastKnownFileType = sourcecode.swift; path = "TranslationServiceCoordinator+TextProcessing.swift"; sourceTree = "<group>"; };
		E9D1A0602000000000000001 /* AppDelegate+StatusItem.swift */ = {isa = PBXFileReference; lastKnownFileType = sourcecode.swift; path = "AppDelegate+StatusItem.swift"; sourceTree = "<group>"; };
		E9D1A0622000000000000001 /* AppDelegate+MainMenu.swift */ = {isa = PBXFileReference; lastKnownFileType = sourcecode.swift; path = "AppDelegate+MainMenu.swift"; sourceTree = "<group>"; };
		E9D1A0642000000000000001 /* AppDelegate+LanguageMenus.swift */ = {isa = PBXFileReference; lastKnownFileType = sourcecode.swift; path = "AppDelegate+LanguageMenus.swift"; sourceTree = "<group>"; };
		E9D1A0662000000000000001 /* AppDelegate+PreferencesWindows.swift */ = {isa = PBXFileReference; lastKnownFileType = sourcecode.swift; path = "AppDelegate+PreferencesWindows.swift"; sourceTree = "<group>"; };
		E9D1A0682000000000000001 /* AppDelegate+WindowBehavior.swift */ = {isa = PBXFileReference; lastKnownFileType = sourcecode.swift; path = "AppDelegate+WindowBehavior.swift"; sourceTree = "<group>"; };
		E9D1A0702000000000000001 /* AppDelegate+MenuActions.swift */ = {isa = PBXFileReference; lastKnownFileType = sourcecode.swift; path = "AppDelegate+MenuActions.swift"; sourceTree = "<group>"; };
/* End PBXFileReference section */

/* Begin PBXFrameworksBuildPhase section */
		E971B78229743F7900375242 /* Frameworks */ = {
			isa = PBXFrameworksBuildPhase;
			buildActionMask = 2147483647;
			files = (
			);
			runOnlyForDeploymentPostprocessing = 0;
		};
/* End PBXFrameworksBuildPhase section */

/* Begin PBXGroup section */
		E971B77C29743F7900375242 = {
			isa = PBXGroup;
			children = (
				E971B78729743F7900375242 /* translate */,
				E971B78629743F7900375242 /* Products */,
			);
			sourceTree = "<group>";
		};
		E971B78629743F7900375242 /* Products */ = {
			isa = PBXGroup;
			children = (
				E971B78529743F7900375242 /* Translate.app */,
			);
			name = Products;
			sourceTree = "<group>";
		};
		E971B78729743F7900375242 /* translate */ = {
			isa = PBXGroup;
			children = (
				E971B78829743F7900375242 /* AppDelegate.swift */,
				E971B78A29743F7900375242 /* ViewController.swift */,
				E971B78C29743F7B00375242 /* Assets.xcassets */,
				E971B79129743F7B00375242 /* translate.entitlements */,
				E971B7972974404400375242 /* main.swift */,
				E97A8B22297794B500F84FBA /* WebView.swift */,
				E95944262978E9DD00C83B92 /* FloatingPanel.swift */,
				E9FE498D297C425200104027 /* Constants.swift */,
				E9A000002000000000000001 /* GlobalHotKey.swift */,
				E9D1A0022000000000000001 /* TranslationPerformanceDiagnostics.swift */,
				E9D1A0042000000000000001 /* TextSupport.swift */,
				E9D1A0062000000000000001 /* PronunciationService.swift */,
				E9D1A0082000000000000001 /* WorkspaceUI.swift */,
				E9D1A00A2000000000000001 /* ShortcutSettingsWindowController.swift */,
				E9D1A00C2000000000000001 /* ShortcutPreferences.swift */,
				E9D1A00E2000000000000001 /* AppInterfaceLanguage.swift */,
				E9D1A0102000000000000001 /* TranslateLanguage.swift */,
				E9D1A0122000000000000001 /* TranslateFeaturePreferences.swift */,
				E9D1A0162000000000000001 /* ViewController+Alignment.swift */,
				E9D1A0182000000000000001 /* ViewController+Speech.swift */,
				E9D1A01A2000000000000001 /* TranslationServiceCoordinator.swift */,
				E9D1A01C2000000000000001 /* ViewController+UserScripts.swift */,
				E9D1A01E2000000000000001 /* ViewController+TranslationSubmission.swift */,
				E9D1A0202000000000000001 /* ViewController+TranslationWebService.swift */,
				E9D1A0222000000000000001 /* ViewController+LongTextTranslationOrchestration.swift */,
				E9D1A0242000000000000001 /* ViewController+TranslationAPI.swift */,
				E9D1A0262000000000000001 /* ViewController+TranslationPageConfiguration.swift */,
				E9D1A0322000000000000001 /* TranslationPageConfigurationScript.swift */,
				E9D1A0342000000000000001 /* TranslationPageStyles.swift */,
				E9D1A0362000000000000001 /* ViewController+TranslationDiagnostics.swift */,
				E9D1A0382000000000000001 /* ViewController+Lifecycle.swift */,
				E9D1A0402000000000000001 /* ViewController+Appearance.swift */,
				E9D1A0422000000000000001 /* ViewController+Commands.swift */,
				E9D1A0442000000000000001 /* ViewController+ScriptMessages.swift */,
				E9D1A0462000000000000001 /* ViewController+GoogleWebTranslation.swift */,
				E9D1A0482000000000000001 /* ViewController+TranslationResultPolling.swift */,
				E9D1A0282000000000000001 /* ViewController+TranslationWorkspaceLayout.swift */,
				E9D1A02A2000000000000001 /* ViewController+LanguageSelection.swift */,
				E9D1A02C2000000000000001 /* ViewController+TranslationWorkspacePresentation.swift */,
				E9D1A02E2000000000000001 /* ViewController+TextInput.swift */,
				E9D1A0502000000000000001 /* GooglePronunciationLookup.swift */,
				E9D1A0522000000000000001 /* ViewController+WindowBehaviorBar.swift */,
				E9D1A0542000000000000001 /* ViewController+ConnectionOverlay.swift */,
				E9D1A0562000000000000001 /* ViewController+PronunciationPresentation.swift */,
				E9D1A0582000000000000001 /* TranslationServiceCoordinator+TextProcessing.swift */,
				E9D1A0602000000000000001 /* AppDelegate+StatusItem.swift */,
				E9D1A0622000000000000001 /* AppDelegate+MainMenu.swift */,
				E9D1A0642000000000000001 /* AppDelegate+LanguageMenus.swift */,
				E9D1A0662000000000000001 /* AppDelegate+PreferencesWindows.swift */,
				E9D1A0682000000000000001 /* AppDelegate+WindowBehavior.swift */,
				E9D1A0702000000000000001 /* AppDelegate+MenuActions.swift */,
			);
			path = translate;
			sourceTree = "<group>";
		};
/* End PBXGroup section */

/* Begin PBXNativeTarget section */
		E971B78429743F7900375242 /* translate */ = {
			isa = PBXNativeTarget;
			buildConfigurationList = E971B79429743F7B00375242 /* Build configuration list for PBXNativeTarget "translate" */;
			buildPhases = (
				E971B78129743F7900375242 /* Sources */,
				E971B78229743F7900375242 /* Frameworks */,
				E971B78329743F7900375242 /* Resources */,
			);
			buildRules = (
			);
			dependencies = (
			);
			name = translate;
			productName = Translate;
			productReference = E971B78529743F7900375242 /* Translate.app */;
			productType = "com.apple.product-type.application";
		};
/* End PBXNativeTarget section */

/* Begin PBXProject section */
		E971B77D29743F7900375242 /* Project object */ = {
			isa = PBXProject;
			attributes = {
				BuildIndependentTargetsInParallel = 1;
				LastSwiftUpdateCheck = 1410;
				LastUpgradeCheck = 1410;
				TargetAttributes = {
					E971B78429743F7900375242 = {
						CreatedOnToolsVersion = 14.1;
					};
				};
			};
			buildConfigurationList = E971B78029743F7900375242 /* Build configuration list for PBXProject "translate" */;
			compatibilityVersion = "Xcode 14.0";
			developmentRegion = en;
			hasScannedForEncodings = 0;
			knownRegions = (
				en,
				Base,
			);
			mainGroup = E971B77C29743F7900375242;
			productRefGroup = E971B78629743F7900375242 /* Products */;
			projectDirPath = "";
			projectRoot = "";
			targets = (
				E971B78429743F7900375242 /* translate */,
			);
		};
/* End PBXProject section */

/* Begin PBXResourcesBuildPhase section */
		E971B78329743F7900375242 /* Resources */ = {
			isa = PBXResourcesBuildPhase;
			buildActionMask = 2147483647;
			files = (
				E971B78D29743F7B00375242 /* Assets.xcassets in Resources */,
			);
			runOnlyForDeploymentPostprocessing = 0;
		};
/* End PBXResourcesBuildPhase section */

/* Begin PBXSourcesBuildPhase section */
		E971B78129743F7900375242 /* Sources */ = {
			isa = PBXSourcesBuildPhase;
			buildActionMask = 2147483647;
			files = (
				E971B78B29743F7900375242 /* ViewController.swift in Sources */,
				E95944272978E9DD00C83B92 /* FloatingPanel.swift in Sources */,
				E97A8B23297794B500F84FBA /* WebView.swift in Sources */,
				E971B78929743F7900375242 /* AppDelegate.swift in Sources */,
				E971B7982974404400375242 /* main.swift in Sources */,
				E9FE498E297C425200104027 /* Constants.swift in Sources */,
				E9A000012000000000000001 /* GlobalHotKey.swift in Sources */,
				E9D1A0012000000000000001 /* TranslationPerformanceDiagnostics.swift in Sources */,
				E9D1A0032000000000000001 /* TextSupport.swift in Sources */,
				E9D1A0052000000000000001 /* PronunciationService.swift in Sources */,
				E9D1A0072000000000000001 /* WorkspaceUI.swift in Sources */,
				E9D1A0092000000000000001 /* ShortcutSettingsWindowController.swift in Sources */,
				E9D1A00B2000000000000001 /* ShortcutPreferences.swift in Sources */,
				E9D1A00D2000000000000001 /* AppInterfaceLanguage.swift in Sources */,
				E9D1A00F2000000000000001 /* TranslateLanguage.swift in Sources */,
				E9D1A0112000000000000001 /* TranslateFeaturePreferences.swift in Sources */,
				E9D1A0152000000000000001 /* ViewController+Alignment.swift in Sources */,
				E9D1A0172000000000000001 /* ViewController+Speech.swift in Sources */,
				E9D1A0192000000000000001 /* TranslationServiceCoordinator.swift in Sources */,
				E9D1A01B2000000000000001 /* ViewController+UserScripts.swift in Sources */,
				E9D1A01D2000000000000001 /* ViewController+TranslationSubmission.swift in Sources */,
				E9D1A01F2000000000000001 /* ViewController+TranslationWebService.swift in Sources */,
				E9D1A0212000000000000001 /* ViewController+LongTextTranslationOrchestration.swift in Sources */,
				E9D1A0232000000000000001 /* ViewController+TranslationAPI.swift in Sources */,
				E9D1A0252000000000000001 /* ViewController+TranslationPageConfiguration.swift in Sources */,
				E9D1A0312000000000000001 /* TranslationPageConfigurationScript.swift in Sources */,
				E9D1A0332000000000000001 /* TranslationPageStyles.swift in Sources */,
				E9D1A0352000000000000001 /* ViewController+TranslationDiagnostics.swift in Sources */,
				E9D1A0372000000000000001 /* ViewController+Lifecycle.swift in Sources */,
				E9D1A0392000000000000001 /* ViewController+Appearance.swift in Sources */,
				E9D1A0412000000000000001 /* ViewController+Commands.swift in Sources */,
				E9D1A0432000000000000001 /* ViewController+ScriptMessages.swift in Sources */,
				E9D1A0452000000000000001 /* ViewController+GoogleWebTranslation.swift in Sources */,
				E9D1A0472000000000000001 /* ViewController+TranslationResultPolling.swift in Sources */,
				E9D1A0272000000000000001 /* ViewController+TranslationWorkspaceLayout.swift in Sources */,
				E9D1A0292000000000000001 /* ViewController+LanguageSelection.swift in Sources */,
				E9D1A02B2000000000000001 /* ViewController+TranslationWorkspacePresentation.swift in Sources */,
				E9D1A02D2000000000000001 /* ViewController+TextInput.swift in Sources */,
				E9D1A0492000000000000001 /* GooglePronunciationLookup.swift in Sources */,
				E9D1A0512000000000000001 /* ViewController+WindowBehaviorBar.swift in Sources */,
				E9D1A0532000000000000001 /* ViewController+ConnectionOverlay.swift in Sources */,
				E9D1A0552000000000000001 /* ViewController+PronunciationPresentation.swift in Sources */,
				E9D1A0572000000000000001 /* TranslationServiceCoordinator+TextProcessing.swift in Sources */,
				E9D1A0592000000000000001 /* AppDelegate+StatusItem.swift in Sources */,
				E9D1A0612000000000000001 /* AppDelegate+MainMenu.swift in Sources */,
				E9D1A0632000000000000001 /* AppDelegate+LanguageMenus.swift in Sources */,
				E9D1A0652000000000000001 /* AppDelegate+PreferencesWindows.swift in Sources */,
				E9D1A0672000000000000001 /* AppDelegate+WindowBehavior.swift in Sources */,
				E9D1A0692000000000000001 /* AppDelegate+MenuActions.swift in Sources */,
			);
			runOnlyForDeploymentPostprocessing = 0;
		};
/* End PBXSourcesBuildPhase section */

/* Begin XCBuildConfiguration section */
		E971B79229743F7B00375242 /* Debug */ = {
			isa = XCBuildConfiguration;
			buildSettings = {
				ALWAYS_SEARCH_USER_PATHS = NO;
				CLANG_ANALYZER_NONNULL = YES;
				CLANG_ANALYZER_NUMBER_OBJECT_CONVERSION = YES_AGGRESSIVE;
				CLANG_CXX_LANGUAGE_STANDARD = "gnu++20";
				CLANG_ENABLE_MODULES = YES;
				CLANG_ENABLE_OBJC_ARC = YES;
				CLANG_ENABLE_OBJC_WEAK = YES;
				CLANG_WARN_BLOCK_CAPTURE_AUTORELEASING = YES;
				CLANG_WARN_BOOL_CONVERSION = YES;
				CLANG_WARN_COMMA = YES;
				CLANG_WARN_CONSTANT_CONVERSION = YES;
				CLANG_WARN_DEPRECATED_OBJC_IMPLEMENTATIONS = YES;
				CLANG_WARN_DIRECT_OBJC_ISA_USAGE = YES_ERROR;
				CLANG_WARN_DOCUMENTATION_COMMENTS = YES;
				CLANG_WARN_EMPTY_BODY = YES;
				CLANG_WARN_ENUM_CONVERSION = YES;
				CLANG_WARN_INFINITE_RECURSION = YES;
				CLANG_WARN_INT_CONVERSION = YES;
				CLANG_WARN_NON_LITERAL_NULL_CONVERSION = YES;
				CLANG_WARN_OBJC_IMPLICIT_RETAIN_SELF = YES;
				CLANG_WARN_OBJC_LITERAL_CONVERSION = YES;
				CLANG_WARN_OBJC_ROOT_CLASS = YES_ERROR;
				CLANG_WARN_QUOTED_INCLUDE_IN_FRAMEWORK_HEADER = YES;
				CLANG_WARN_RANGE_LOOP_ANALYSIS = YES;
				CLANG_WARN_STRICT_PROTOTYPES = YES;
				CLANG_WARN_SUSPICIOUS_MOVE = YES;
				CLANG_WARN_UNGUARDED_AVAILABILITY = YES_AGGRESSIVE;
				CLANG_WARN_UNREACHABLE_CODE = YES;
				CLANG_WARN__DUPLICATE_METHOD_MATCH = YES;
				COPY_PHASE_STRIP = NO;
				DEBUG_INFORMATION_FORMAT = dwarf;
				ENABLE_STRICT_OBJC_MSGSEND = YES;
				ENABLE_TESTABILITY = YES;
				GCC_C_LANGUAGE_STANDARD = gnu11;
				GCC_DYNAMIC_NO_PIC = NO;
				GCC_NO_COMMON_BLOCKS = YES;
				GCC_OPTIMIZATION_LEVEL = 0;
				GCC_PREPROCESSOR_DEFINITIONS = (
					"DEBUG=1",
					"$(inherited)",
				);
				GCC_WARN_64_TO_32_BIT_CONVERSION = YES;
				GCC_WARN_ABOUT_RETURN_TYPE = YES_ERROR;
				GCC_WARN_UNDECLARED_SELECTOR = YES;
				GCC_WARN_UNINITIALIZED_AUTOS = YES_AGGRESSIVE;
				GCC_WARN_UNUSED_FUNCTION = YES;
				GCC_WARN_UNUSED_VARIABLE = YES;
				MACOSX_DEPLOYMENT_TARGET = 13.0;
				MTL_ENABLE_DEBUG_INFO = INCLUDE_SOURCE;
				MTL_FAST_MATH = YES;
				ONLY_ACTIVE_ARCH = YES;
				SDKROOT = macosx;
				SWIFT_ACTIVE_COMPILATION_CONDITIONS = DEBUG;
				SWIFT_OPTIMIZATION_LEVEL = "-Onone";
			};
			name = Debug;
		};
		E971B79329743F7B00375242 /* Release */ = {
			isa = XCBuildConfiguration;
			buildSettings = {
				ALWAYS_SEARCH_USER_PATHS = NO;
				CLANG_ANALYZER_NONNULL = YES;
				CLANG_ANALYZER_NUMBER_OBJECT_CONVERSION = YES_AGGRESSIVE;
				CLANG_CXX_LANGUAGE_STANDARD = "gnu++20";
				CLANG_ENABLE_MODULES = YES;
				CLANG_ENABLE_OBJC_ARC = YES;
				CLANG_ENABLE_OBJC_WEAK = YES;
				CLANG_WARN_BLOCK_CAPTURE_AUTORELEASING = YES;
				CLANG_WARN_BOOL_CONVERSION = YES;
				CLANG_WARN_COMMA = YES;
				CLANG_WARN_CONSTANT_CONVERSION = YES;
				CLANG_WARN_DEPRECATED_OBJC_IMPLEMENTATIONS = YES;
				CLANG_WARN_DIRECT_OBJC_ISA_USAGE = YES_ERROR;
				CLANG_WARN_DOCUMENTATION_COMMENTS = YES;
				CLANG_WARN_EMPTY_BODY = YES;
				CLANG_WARN_ENUM_CONVERSION = YES;
				CLANG_WARN_INFINITE_RECURSION = YES;
				CLANG_WARN_INT_CONVERSION = YES;
				CLANG_WARN_NON_LITERAL_NULL_CONVERSION = YES;
				CLANG_WARN_OBJC_IMPLICIT_RETAIN_SELF = YES;
				CLANG_WARN_OBJC_LITERAL_CONVERSION = YES;
				CLANG_WARN_OBJC_ROOT_CLASS = YES_ERROR;
				CLANG_WARN_QUOTED_INCLUDE_IN_FRAMEWORK_HEADER = YES;
				CLANG_WARN_RANGE_LOOP_ANALYSIS = YES;
				CLANG_WARN_STRICT_PROTOTYPES = YES;
				CLANG_WARN_SUSPICIOUS_MOVE = YES;
				CLANG_WARN_UNGUARDED_AVAILABILITY = YES_AGGRESSIVE;
				CLANG_WARN_UNREACHABLE_CODE = YES;
				CLANG_WARN__DUPLICATE_METHOD_MATCH = YES;
				COPY_PHASE_STRIP = NO;
				DEBUG_INFORMATION_FORMAT = "dwarf-with-dsym";
				ENABLE_NS_ASSERTIONS = NO;
				ENABLE_STRICT_OBJC_MSGSEND = YES;
				GCC_C_LANGUAGE_STANDARD = gnu11;
				GCC_NO_COMMON_BLOCKS = YES;
				GCC_WARN_64_TO_32_BIT_CONVERSION = YES;
				GCC_WARN_ABOUT_RETURN_TYPE = YES_ERROR;
				GCC_WARN_UNDECLARED_SELECTOR = YES;
				GCC_WARN_UNINITIALIZED_AUTOS = YES_AGGRESSIVE;
				GCC_WARN_UNUSED_FUNCTION = YES;
				GCC_WARN_UNUSED_VARIABLE = YES;
				MACOSX_DEPLOYMENT_TARGET = 13.0;
				MTL_ENABLE_DEBUG_INFO = NO;
				MTL_FAST_MATH = YES;
				SDKROOT = macosx;
				SWIFT_COMPILATION_MODE = wholemodule;
				SWIFT_OPTIMIZATION_LEVEL = "-O";
			};
			name = Release;
		};
		E971B79529743F7B00375242 /* Debug */ = {
			isa = XCBuildConfiguration;
			buildSettings = {
				ASSETCATALOG_COMPILER_APPICON_NAME = AppIcon;
				ASSETCATALOG_COMPILER_GLOBAL_ACCENT_COLOR_NAME = AccentColor;
				CODE_SIGN_ENTITLEMENTS = translate/translate.entitlements;
				CODE_SIGN_STYLE = Automatic;
				COMBINE_HIDPI_IMAGES = YES;
				CURRENT_PROJECT_VERSION = 1;
				GIT_COMMIT_HASH = unknown;
				BUILD_TIMESTAMP = unknown;
				DEBUG_BUILD_IDENTIFIER = unknown;
				DEVELOPMENT_TEAM = TH24236SE5;
				ENABLE_HARDENED_RUNTIME = YES;
				GENERATE_INFOPLIST_FILE = NO;
				INFOPLIST_FILE = "translate-Info.plist";
				INFOPLIST_KEY_NSHumanReadableCopyright = "";
				INFOPLIST_KEY_NSPrincipalClass = NSApplication;
				LD_RUNPATH_SEARCH_PATHS = (
					"$(inherited)",
					"@executable_path/../Frameworks",
				);
				MACOSX_DEPLOYMENT_TARGET = 12.4;
				MARKETING_VERSION = 1.0.17;
				PRODUCT_BUNDLE_IDENTIFIER = com.lalalaladam.translate;
				PRODUCT_NAME = Translate;
				INFOPLIST_KEY_CFBundleDisplayName = Translate;
				SWIFT_EMIT_LOC_STRINGS = YES;
				SWIFT_VERSION = 5.0;
			};
			name = Debug;
		};
		E971B79629743F7B00375242 /* Release */ = {
			isa = XCBuildConfiguration;
			buildSettings = {
				ASSETCATALOG_COMPILER_APPICON_NAME = AppIcon;
				ASSETCATALOG_COMPILER_GLOBAL_ACCENT_COLOR_NAME = AccentColor;
				CODE_SIGN_ENTITLEMENTS = translate/translate.entitlements;
				CODE_SIGN_STYLE = Automatic;
				COMBINE_HIDPI_IMAGES = YES;
				CURRENT_PROJECT_VERSION = 1;
				GIT_COMMIT_HASH = unknown;
				BUILD_TIMESTAMP = unknown;
				DEBUG_BUILD_IDENTIFIER = unknown;
				DEVELOPMENT_TEAM = TH24236SE5;
				ENABLE_HARDENED_RUNTIME = YES;
				GENERATE_INFOPLIST_FILE = NO;
				INFOPLIST_FILE = "translate-Info.plist";
				INFOPLIST_KEY_NSHumanReadableCopyright = "";
				INFOPLIST_KEY_NSPrincipalClass = NSApplication;
				LD_RUNPATH_SEARCH_PATHS = (
					"$(inherited)",
					"@executable_path/../Frameworks",
				);
				MACOSX_DEPLOYMENT_TARGET = 12.4;
				MARKETING_VERSION = 1.0.17;
				PRODUCT_BUNDLE_IDENTIFIER = com.lalalaladam.translate;
				PRODUCT_NAME = Translate;
				INFOPLIST_KEY_CFBundleDisplayName = Translate;
				SWIFT_EMIT_LOC_STRINGS = YES;
				SWIFT_VERSION = 5.0;
			};
			name = Release;
		};
/* End XCBuildConfiguration section */

/* Begin XCConfigurationList section */
		E971B78029743F7900375242 /* Build configuration list for PBXProject "translate" */ = {
			isa = XCConfigurationList;
			buildConfigurations = (
				E971B79229743F7B00375242 /* Debug */,
				E971B79329743F7B00375242 /* Release */,
			);
			defaultConfigurationIsVisible = 0;
			defaultConfigurationName = Release;
		};
		E971B79429743F7B00375242 /* Build configuration list for PBXNativeTarget "translate" */ = {
			isa = XCConfigurationList;
			buildConfigurations = (
				E971B79529743F7B00375242 /* Debug */,
				E971B79629743F7B00375242 /* Release */,
			);
			defaultConfigurationIsVisible = 0;
			defaultConfigurationName = Release;
		};
/* End XCConfigurationList section */

	};
	rootObject = E971B77D29743F7900375242 /* Project object */;
}
